
Microsoft Visual Studio Solution File, Format Version 12.00
# Visual Studio Version 17
VisualStudioVersion = 17.14.36414.22 d17.14
MinimumVisualStudioVersion = 10.0.40219.1
Project("{FAE04EC0-301F-11D3-BF4B-00C04F79EFBC}") = "ExceptionHandlerMiddlewareExample", "ExceptionHandlerMiddlewareExample\ExceptionHandlerMiddlewareExample.csproj", "{5AB67F64-1F8F-4F3E-A3BA-92904340964B}"
EndProject
Global
	GlobalSection(SolutionConfigurationPlatforms) = preSolution
		Debug|Any CPU = Debug|Any CPU
		Release|Any CPU = Release|Any CPU
	EndGlobalSection
	GlobalSection(ProjectConfigurationPlatforms) = postSolution
		{5AB67F64-1F8F-4F3E-A3BA-92904340964B}.Debug|Any CPU.ActiveCfg = Debug|Any CPU
		{5AB67F64-1F8F-4F3E-A3BA-92904340964B}.Debug|Any CPU.Build.0 = Debug|Any CPU
		{5AB67F64-1F8F-4F3E-A3BA-92904340964B}.Release|Any CPU.ActiveCfg = Release|Any CPU
		{5AB67F64-1F8F-4F3E-A3BA-92904340964B}.Release|Any CPU.Build.0 = Release|Any CPU
	EndGlobalSection
	GlobalSection(SolutionProperties) = preSolution
		HideSolutionNode = FALSE
	EndGlobalSection
	GlobalSection(ExtensibilityGlobals) = postSolution
		SolutionGuid = {C8C0F595-6FAC-434D-A6DC-123B6F7B209C}
	EndGlobalSection
EndGlobal
